PODS:
  - AFNetworking (3.2.1):
    - AFNetworking/NSURLSession (= 3.2.1)
    - AFNetworking/Reachability (= 3.2.1)
    - AFNetworking/Security (= 3.2.1)
    - AFNetworking/Serialization (= 3.2.1)
    - AFNetworking/UIKit (= 3.2.1)
  - AFNetworking/NSURLSession (3.2.1):
    - AFNetworking/Reachability
    - AFNetworking/Security
    - AFNetworking/Serialization
  - AFNetworking/Reachability (3.2.1)
  - AFNetworking/Security (3.2.1)
  - AFNetworking/Serialization (3.2.1)
  - AFNetworking/UIKit (3.2.1):
    - AFNetworking/NSURLSession
  - Masonry (1.1.0)
  - MJExtension (3.0.17)
  - PPNetworkHelper (0.8.1):
    - AFNetworking (~> 3.2.0)
    - YYCache (~> 1.0.4)
  - RTRootNavigationController (0.7.1):
    - RTRootNavigationController/Core (= 0.7.1)
  - RTRootNavigationController/Core (0.7.1)
  - SDWebImage (4.4.6):
    - SDWebImage/Core (= 4.4.6)
  - SDWebImage/Core (4.4.6)
  - TZImagePickerController (3.2.1)
  - WMPageController (2.5.2)
  - YYCache (1.0.4)
  - YYCategories (1.0.4):
    - YYCategories/no-arc (= 1.0.4)
  - YYCategories/no-arc (1.0.4)
  - YYImage (1.0.4):
    - YYImage/Core (= 1.0.4)
  - YYImage/Core (1.0.4)
  - YYWebImage (1.0.5):
    - YYCache
    - YYImage

DEPENDENCIES:
  - Masonry
  - MJExtension
  - PPNetworkHelper
  - RTRootNavigationController
  - SDWebImage (= 4.4.6)
  - TZImagePickerController
  - WMPageController
  - YYCategories
  - YYWebImage

SPEC REPOS:
  https://github.com/cocoapods/specs.git:
    - AFNetworking
    - Masonry
    - MJExtension
    - PPNetworkHelper
    - RTRootNavigationController
    - SDWebImage
    - TZImagePickerController
    - WMPageController
    - YYCache
    - YYCategories
    - YYImage
    - YYWebImage

SPEC CHECKSUMS:
  AFNetworking: b6f891fdfaed196b46c7a83cf209e09697b94057
  Masonry: 678fab65091a9290e40e2832a55e7ab731aad201
  MJExtension: 74ec83124a68891619fb7ba9c5c811bbf1691076
  PPNetworkHelper: e893191a73665e9c496c2887fd5ceece9e930bb8
  RTRootNavigationController: afa6913402be26f8326f7f37fc1550aa67baddcc
  SDWebImage: 3f3f0c02f09798048c47a5ed0a13f17b063572d8
  TZImagePickerController: bf4c57b98d8707fce41ea6be872414a71c7a8c9d
  WMPageController: 0c7624d2b48e4f1ab92371688cf6744ed701575d
  YYCache: 8105b6638f5e849296c71f331ff83891a4942952
  YYCategories: 6bcd4314c6661a561410dce4a793379ebd306abd
  YYImage: 1e1b62a9997399593e4b9c4ecfbbabbf1d3f3b54
  YYWebImage: 5f7f36aee2ae293f016d418c7d6ba05c4863e928

PODFILE CHECKSUM: 1d104cf8b9196f86245b4c875042244c7595a923

COCOAPODS: 1.6.1
